// !$*UTF8*$!
{
	archiveVersion = 1;
	classes = {
	};
	objectVersion = 46;
	objects = {

/* Begin PBXBuildFile section */
		D0EC64E21D426FDC009686D9 /* AppDelegate.swift in Sources */ = {isa = PBXBuildFile; fileRef = D0EC64E11D426FDC009686D9 /* AppDelegate.swift */; };
		D0EC64E41D426FDC009686D9 /* ViewController.swift in Sources */ = {isa = PBXBuildFile; fileRef = D0EC64E31D426FDC009686D9 /* ViewController.swift */; };
		D0EC64E71D426FDC009686D9 /* Main.storyboard in Resources */ = {isa = PBXBuildFile; fileRef = D0EC64E51D426FDC009686D9 /* Main.storyboard */; };
		D0EC64E91D426FDC009686D9 /* Assets.xcassets in Resources */ = {isa = PBXBuildFile; fileRef = D0EC64E81D426FDC009686D9 /* Assets.xcassets */; };
		D0EC64EC1D426FDC009686D9 /* LaunchScreen.storyboard in Resources */ = {isa = PBXBuildFile; fileRef = D0EC64EA1D426FDC009686D9 /* LaunchScreen.storyboard */; };
		D0EC64F71D426FDC009686D9 /* XCodeVersionControlTests.swift in Sources */ = {isa = PBXBuildFile; fileRef = D0EC64F61D426FDC009686D9 /* XCodeVersionControlTests.swift */; };
		D0EC65021D426FDC009686D9 /* XCodeVersionControlUITests.swift in Sources */ = {isa = PBXBuildFile; fileRef = D0EC65011D426FDC009686D9 /* XCodeVersionControlUITests.swift */; };
/* End PBXBuildFile section */

/* Begin PBXContainerItemProxy section */
		D0EC64F31D426FDC009686D9 /* PBXContainerItemProxy */ = {
			isa = PBXContainerItemProxy;
			containerPortal = D0EC64D61D426FDC009686D9 /* Project object */;
			proxyType = 1;
			remoteGlobalIDString = D0EC64DD1D426FDC009686D9;
			remoteInfo = XCodeVersionControl;
		};
		D0EC64FE1D426FDC009686D9 /* PBXContainerItemProxy */ = {
			isa = PBXContainerItemProxy;
			containerPortal = D0EC64D61D426FDC009686D9 /* Project object */;
			proxyType = 1;
			remoteGlobalIDString = D0EC64DD1D426FDC009686D9;
			remoteInfo = XCodeVersionControl;
		};
/* End PBXContainerItemProxy section */

/* Begin PBXFileReference section */
		D0EC64DE1D426FDC009686D9 /* XCodeVersionControl.app */ = {isa = PBXFileReference; explicitFileType = wrapper.application; includeInIndex = 0; path = XCodeVersionControl.app; sourceTree = BUILT_PRODUCTS_DIR; };
		D0EC64E11D426FDC009686D9 /* AppDelegate.swift */ = {isa = PBXFileReference; lastKnownFileType = sourcecode.swift; path = AppDelegate.swift; sourceTree = "<group>"; };
		D0EC64E31D426FDC009686D9 /* ViewController.swift */ = {isa = PBXFileReference; lastKnownFileType = sourcecode.swift; path = ViewController.swift; sourceTree = "<group>"; };
		D0EC64E61D426FDC009686D9 /* Base */ = {isa = PBXFileReference; lastKnownFileType = file.storyboard; name = Base; path = Base.lproj/Main.storyboard; sourceTree = "<group>"; };
		D0EC64E81D426FDC009686D9 /* Assets.xcassets */ = {isa = PBXFileReference; lastKnownFileType = folder.assetcatalog; path = Assets.xcassets; sourceTree = "<group>"; };
		D0EC64EB1D426FDC009686D9 /* Base */ = {isa = PBXFileReference; lastKnownFileType = file.storyboard; name = Base; path = Base.lproj/LaunchScreen.storyboard; sourceTree = "<group>"; };
		D0EC64ED1D426FDC009686D9 /* Info.plist */ = {isa = PBXFileReference; lastKnownFileType = text.plist.xml; path = Info.plist; sourceTree = "<group>"; };
		D0EC64F21D426FDC009686D9 /* XCodeVersionControlTests.xctest */ = {isa = PBXFileReference; explicitFileType = wrapper.cfbundle; includeInIndex = 0; path = XCodeVersionControlTests.xctest; sourceTree = BUILT_PRODUCTS_DIR; };
		D0EC64F61D426FDC009686D9 /* XCodeVersionControlTests.swift */ = {isa = PBXFileReference; lastKnownFileType = sourcecode.swift; path = XCodeVersionControlTests.swift; sourceTree = "<group>"; };
		D0EC64F81D426FDC009686D9 /* Info.plist */ = {isa = PBXFileReference; lastKnownFileType = text.plist.xml; path = Info.plist; sourceTree = "<group>"; };
		D0EC64FD1D426FDC009686D9 /* XCodeVersionControlUITests.xctest */ = {isa = PBXFileReference; explicitFileType = wrapper.cfbundle; includeInIndex = 0; path = XCodeVersionControlUITests.xctest; sourceTree = BUILT_PRODUCTS_DIR; };
		D0EC65011D426FDC009686D9 /* XCodeVersionControlUITests.swift */ = {isa = PBXFileReference; lastKnownFileType = sourcecode.swift; path = XCodeVersionControlUITests.swift; sourceTree = "<group>"; };
		D0EC65031D426FDC009686D9 /* Info.plist */ = {isa = PBXFileReference; lastKnownFileType = text.plist.xml; path = Info.plist; sourceTree = "<group>"; };
/* End PBXFileReference section */

/* Begin PBXFrameworksBuildPhase section */
		D0EC64DB1D426FDC009686D9 /* Frameworks */ = {
			isa = PBXFrameworksBuildPhase;
			buildActionMask = 2147483647;
			files = (
			);
			runOnlyForDeploymentPostprocessing = 0;
		};
		D0EC64EF1D426FDC009686D9 /* Frameworks */ = {
			isa = PBXFrameworksBuildPhase;
			buildActionMask = 2147483647;
			files = (
			);
			runOnlyForDeploymentPostprocessing = 0;
		};
		D0EC64FA1D426FDC009686D9 /* Frameworks */ = {
			isa = PBXFrameworksBuildPhase;
			buildActionMask = 2147483647;
			files = (
			);
			runOnlyForDeploymentPostprocessing = 0;
		};
/* End PBXFrameworksBuildPhase section */

/* Begin PBXGroup section */
		D0EC64D51D426FDC009686D9 = {
			isa = PBXGroup;
			children = (
				D0EC64E01D426FDC009686D9 /* XCodeVersionControl */,
				D0EC64F51D426FDC009686D9 /* XCodeVersionControlTests */,
				D0EC65001D426FDC009686D9 /* XCodeVersionControlUITests */,
				D0EC64DF1D426FDC009686D9 /* Products */,
			);
			sourceTree = "<group>";
		};
		D0EC64DF1D426FDC009686D9 /* Products */ = {
			isa = PBXGroup;
			children = (
				D0EC64DE1D426FDC009686D9 /* XCodeVersionControl.app */,
				D0EC64F21D426FDC009686D9 /* XCodeVersionControlTests.xctest */,
				D0EC64FD1D426FDC009686D9 /* XCodeVersionControlUITests.xctest */,
			);
			name = Products;
			sourceTree = "<group>";
		};
		D0EC64E01D426FDC009686D9 /* XCodeVersionControl */ = {
			isa = PBXGroup;
			children = (
				D0EC64E11D426FDC009686D9 /* AppDelegate.swift */,
				D0EC64E31D426FDC009686D9 /* ViewController.swift */,
				D0EC64E51D426FDC009686D9 /* Main.storyboard */,
				D0EC64E81D426FDC009686D9 /* Assets.xcassets */,
				D0EC64EA1D426FDC009686D9 /* LaunchScreen.storyboard */,
				D0EC64ED1D426FDC009686D9 /* Info.plist */,
			);
			path = XCodeVersionControl;
			sourceTree = "<group>";
		};
		D0EC64F51D426FDC009686D9 /* XCodeVersionControlTests */ = {
			isa = PBXGroup;
			children = (
				D0EC64F61D426FDC009686D9 /* XCodeVersionControlTests.swift */,
				D0EC64F81D426FDC009686D9 /* Info.plist */,
			);
			path = XCodeVersionControlTests;
			sourceTree = "<group>";
		};
		D0EC65001D426FDC009686D9 /* XCodeVersionControlUITests */ = {
			isa = PBXGroup;
			children = (
				D0EC65011D426FDC009686D9 /* XCodeVersionControlUITests.swift */,
				D0EC65031D426FDC009686D9 /* Info.plist */,
			);
			path = XCodeVersionControlUITests;
			sourceTree = "<group>";
		};
/* End PBXGroup section */

/* Begin PBXNativeTarget section */
		D0EC64DD1D426FDC009686D9 /* XCodeVersionControl */ = {
			isa = PBXNativeTarget;
			buildConfigurationList = D0EC65061D426FDC009686D9 /* Build configuration list for PBXNativeTarget "XCodeVersionControl" */;
			buildPhases = (
				D0EC64DA1D426FDC009686D9 /* Sources */,
				D0EC64DB1D426FDC009686D9 /* Frameworks */,
				D0EC64DC1D426FDC009686D9 /* Resources */,
			);
			buildRules = (
			);
			dependencies = (
			);
			name = XCodeVersionControl;
			productName = XCodeVersionControl;
			productReference = D0EC64DE1D426FDC009686D9 /* XCodeVersionControl.app */;
			productType = "com.apple.product-type.application";
		};
		D0EC64F11D426FDC009686D9 /* XCodeVersionControlTests */ = {
			isa = PBXNativeTarget;
			buildConfigurationList = D0EC65091D426FDC009686D9 /* Build configuration list for PBXNativeTarget "XCodeVersionControlTests" */;
			buildPhases = (
				D0EC64EE1D426FDC009686D9 /* Sources */,
				D0EC64EF1D426FDC009686D9 /* Frameworks */,
				D0EC64F01D426FDC009686D9 /* Resources */,
			);
			buildRules = (
			);
			dependencies = (
				D0EC64F41D426FDC009686D9 /* PBXTargetDependency */,
			);
			name = XCodeVersionControlTests;
			productName = XCodeVersionControlTests;
			productReference = D0EC64F21D426FDC009686D9 /* XCodeVersionControlTests.xctest */;
			productType = "com.apple.product-type.bundle.unit-test";
		};
		D0EC64FC1D426FDC009686D9 /* XCodeVersionControlUITests */ = {
			isa = PBXNativeTarget;
			buildConfigurationList = D0EC650C1D426FDC009686D9 /* Build configuration list for PBXNativeTarget "XCodeVersionControlUITests" */;
			buildPhases = (
				D0EC64F91D426FDC009686D9 /* Sources */,
				D0EC64FA1D426FDC009686D9 /* Frameworks */,
				D0EC64FB1D426FDC009686D9 /* Resources */,
			);
			buildRules = (
			);
			dependencies = (
				D0EC64FF1D426FDC009686D9 /* PBXTargetDependency */,
			);
			name = XCodeVersionControlUITests;
			productName = XCodeVersionControlUITests;
			productReference = D0EC64FD1D426FDC009686D9 /* XCodeVersionControlUITests.xctest */;
			productType = "com.apple.product-type.bundle.ui-testing";
		};
/* End PBXNativeTarget section */

/* Begin PBXProject section */
		D0EC64D61D426FDC009686D9 /* Project object */ = {
			isa = PBXProject;
			attributes = {
				LastSwiftUpdateCheck = 0730;
				LastUpgradeCheck = 0730;
				ORGANIZATIONNAME = "Simon Stephanos";
				TargetAttributes = {
					D0EC64DD1D426FDC009686D9 = {
						CreatedOnToolsVersion = 7.3.1;
					};
					D0EC64F11D426FDC009686D9 = {
						CreatedOnToolsVersion = 7.3.1;
						TestTargetID = D0EC64DD1D426FDC009686D9;
					};
					D0EC64FC1D426FDC009686D9 = {
						CreatedOnToolsVersion = 7.3.1;
						TestTargetID = D0EC64DD1D426FDC009686D9;
					};
				};
			};
			buildConfigurationList = D0EC64D91D426FDC009686D9 /* Build configuration list for PBXProject "XCodeVersionControl" */;
			compatibilityVersion = "Xcode 3.2";
			developmentRegion = English;
			hasScannedForEncodings = 0;
			knownRegions = (
				en,
				Base,
			);
			mainGroup = D0EC64D51D426FDC009686D9;
			productRefGroup = D0EC64DF1D426FDC009686D9 /* Products */;
			projectDirPath = "";
			projectRoot = "";
			targets = (
				D0EC64DD1D426FDC009686D9 /* XCodeVersionControl */,
				D0EC64F11D426FDC009686D9 /* XCodeVersionControlTests */,
				D0EC64FC1D426FDC009686D9 /* XCodeVersionControlUITests */,
			);
		};
/* End PBXProject section */

/* Begin PBXResourcesBuildPhase section */
		D0EC64DC1D426FDC009686D9 /* Resources */ = {
			isa = PBXResourcesBuildPhase;
			buildActionMask = 2147483647;
			files = (
				D0EC64EC1D426FDC009686D9 /* LaunchScreen.storyboard in Resources */,
				D0EC64E91D426FDC009686D9 /* Assets.xcassets in Resources */,
				D0EC64E71D426FDC009686D9 /* Main.storyboard in Resources */,
			);
			runOnlyForDeploymentPostprocessing = 0;
		};
		D0EC64F01D426FDC009686D9 /* Resources */ = {
			isa = PBXResourcesBuildPhase;
			buildActionMask = 2147483647;
			files = (
			);
			runOnlyForDeploymentPostprocessing = 0;
		};
		D0EC64FB1D426FDC009686D9 /* Resources */ = {
			isa = PBXResourcesBuildPhase;
			buildActionMask = 2147483647;
			files = (
			);
			runOnlyForDeploymentPostprocessing = 0;
		};
/* End PBXResourcesBuildPhase section */

/* Begin PBXSourcesBuildPhase section */
		D0EC64DA1D426FDC009686D9 /* Sources */ = {
			isa = PBXSourcesBuildPhase;
			buildActionMask = 2147483647;
			files = (
				D0EC64E41D426FDC009686D9 /* ViewController.swift in Sources */,
				D0EC64E21D426FDC009686D9 /* AppDelegate.swift in Sources */,
			);
			runOnlyForDeploymentPostprocessing = 0;
		};
		D0EC64EE1D426FDC009686D9 /* Sources */ = {
			isa = PBXSourcesBuildPhase;
			buildActionMask = 2147483647;
			files = (
				D0EC64F71D426FDC009686D9 /* XCodeVersionControlTests.swift in Sources */,
			);
			runOnlyForDeploymentPostprocessing = 0;
		};
		D0EC64F91D426FDC009686D9 /* Sources */ = {
			isa = PBXSourcesBuildPhase;
			buildActionMask = 2147483647;
			files = (
				D0EC65021D426FDC009686D9 /* XCodeVersionControlUITests.swift in Sources */,
			);
			runOnlyForDeploymentPostprocessing = 0;
		};
/* End PBXSourcesBuildPhase section */

/* Begin PBXTargetDependency section */
		D0EC64F41D426FDC009686D9 /* PBXTargetDependency */ = {
			isa = PBXTargetDependency;
			target = D0EC64DD1D426FDC009686D9 /* XCodeVersionControl */;
			targetProxy = D0EC64F31D426FDC009686D9 /* PBXContainerItemProxy */;
		};
		D0EC64FF1D426FDC009686D9 /* PBXTargetDependency */ = {
			isa = PBXTargetDependency;
			target = D0EC64DD1D426FDC009686D9 /* XCodeVersionControl */;
			targetProxy = D0EC64FE1D426FDC009686D9 /* PBXContainerItemProxy */;
		};
/* End PBXTargetDependency section */

/* Begin PBXVariantGroup section */
		D0EC64E51D426FDC009686D9 /* Main.storyboard */ = {
			isa = PBXVariantGroup;
			children = (
				D0EC64E61D426FDC009686D9 /* Base */,
			);
			name = Main.storyboard;
			sourceTree = "<group>";
		};
		D0EC64EA1D426FDC009686D9 /* LaunchScreen.storyboard */ = {
			isa = PBXVariantGroup;
			children = (
				D0EC64EB1D426FDC009686D9 /* Base */,
			);
			name = LaunchScreen.storyboard;
			sourceTree = "<group>";
		};
/* End PBXVariantGroup section */

/* Begin XCBuildConfiguration section */
		D0EC65041D426FDC009686D9 /* Debug */ = {
			isa = XCBuildConfiguration;
			buildSettings = {
				ALWAYS_SEARCH_USER_PATHS = NO;
				CLANG_ANALYZER_NONNULL = YES;
				CLANG_CXX_LANGUAGE_STANDARD = "gnu++0x";
				CLANG_CXX_LIBRARY = "libc++";
				CLANG_ENABLE_MODULES = YES;
				CLANG_ENABLE_OBJC_ARC = YES;
				CLANG_WARN_BOOL_CONVERSION = YES;
				CLANG_WARN_CONSTANT_CONVERSION = YES;
				CLANG_WARN_DIRECT_OBJC_ISA_USAGE = YES_ERROR;
				CLANG_WARN_EMPTY_BODY = YES;
				CLANG_WARN_ENUM_CONVERSION = YES;
				CLANG_WARN_INT_CONVERSION = YES;
				CLANG_WARN_OBJC_ROOT_CLASS = YES_ERROR;
				CLANG_WARN_UNREACHABLE_CODE = YES;
				CLANG_WARN__DUPLICATE_METHOD_MATCH = YES;
				"CODE_SIGN_IDENTITY[sdk=iphoneos*]" = "iPhone Developer";
				COPY_PHASE_STRIP = NO;
				DEBUG_INFORMATION_FORMAT = dwarf;
				ENABLE_STRICT_OBJC_MSGSEND = YES;
				ENABLE_TESTABILITY = YES;
				GCC_C_LANGUAGE_STANDARD = gnu99;
				GCC_DYNAMIC_NO_PIC = NO;
				GCC_NO_COMMON_BLOCKS = YES;
				GCC_OPTIMIZATION_LEVEL = 0;
				GCC_PREPROCESSOR_DEFINITIONS = (
					"DEBUG=1",
					"$(inherited)",
				);
				GCC_WARN_64_TO_32_BIT_CONVERSION = YES;
				GCC_WARN_ABOUT_RETURN_TYPE = YES_ERROR;
				GCC_WARN_UNDECLARED_SELECTOR = YES;
				GCC_WARN_UNINITIALIZED_AUTOS = YES_AGGRESSIVE;
				GCC_WARN_UNUSED_FUNCTION = YES;
				GCC_WARN_UNUSED_VARIABLE = YES;
				IPHONEOS_DEPLOYMENT_TARGET = 9.3;
				MTL_ENABLE_DEBUG_INFO = YES;
				ONLY_ACTIVE_ARCH = YES;
				SDKROOT = iphoneos;
				SWIFT_OPTIMIZATION_LEVEL = "-Onone";
			};
			name = Debug;
		};
		D0EC65051D426FDC009686D9 /* Release */ = {
			isa = XCBuildConfiguration;
			buildSettings = {
				ALWAYS_SEARCH_USER_PATHS = NO;
				CLANG_ANALYZER_NONNULL = YES;
				CLANG_CXX_LANGUAGE_STANDARD = "gnu++0x";
				CLANG_CXX_LIBRARY = "libc++";
				CLANG_ENABLE_MODULES = YES;
				CLANG_ENABLE_OBJC_ARC = YES;
				CLANG_WARN_BOOL_CONVERSION = YES;
				CLANG_WARN_CONSTANT_CONVERSION = YES;
				CLANG_WARN_DIRECT_OBJC_ISA_USAGE = YES_ERROR;
				CLANG_WARN_EMPTY_BODY = YES;
				CLANG_WARN_ENUM_CONVERSION = YES;
				CLANG_WARN_INT_CONVERSION = YES;
				CLANG_WARN_OBJC_ROOT_CLASS = YES_ERROR;
				CLANG_WARN_UNREACHABLE_CODE = YES;
				CLANG_WARN__DUPLICATE_METHOD_MATCH = YES;
				"CODE_SIGN_IDENTITY[sdk=iphoneos*]" = "iPhone Developer";
				COPY_PHASE_STRIP = NO;
				DEBUG_INFORMATION_FORMAT = "dwarf-with-dsym";
				ENABLE_NS_ASSERTIONS = NO;
				ENABLE_STRICT_OBJC_MSGSEND = YES;
				GCC_C_LANGUAGE_STANDARD = gnu99;
				GCC_NO_COMMON_BLOCKS = YES;
				GCC_WARN_64_TO_32_BIT_CONVERSION = YES;
				GCC_WARN_ABOUT_RETURN_TYPE = YES_ERROR;
				GCC_WARN_UNDECLARED_SELECTOR = YES;
				GCC_WARN_UNINITIALIZED_AUTOS = YES_AGGRESSIVE;
				GCC_WARN_UNUSED_FUNCTION = YES;
				GCC_WARN_UNUSED_VARIABLE = YES;
				IPHONEOS_DEPLOYMENT_TARGET = 9.3;
				MTL_ENABLE_DEBUG_INFO = NO;
				SDKROOT = iphoneos;
				VALIDATE_PRODUCT = YES;
			};
			name = Release;
		};
		D0EC65071D426FDC009686D9 /* Debug */ = {
			isa = XCBuildConfiguration;
			buildSettings = {
				ASSETCATALOG_COMPILER_APPICON_NAME = AppIcon;
				INFOPLIST_FILE = XCodeVersionControl/Info.plist;
				LD_RUNPATH_SEARCH_PATHS = "$(inherited) @executable_path/Frameworks";
				PRODUCT_BUNDLE_IDENTIFIER = com.Simon.XCodeVersionControl;
				PRODUCT_NAME = "$(TARGET_NAME)";
			};
			name = Debug;
		};
		D0EC65081D426FDC009686D9 /* Release */ = {
			isa = XCBuildConfiguration;
			buildSettings = {
				ASSETCATALOG_COMPILER_APPICON_NAME = AppIcon;
				INFOPLIST_FILE = XCodeVersionControl/Info.plist;
				LD_RUNPATH_SEARCH_PATHS = "$(inherited) @executable_path/Frameworks";
				PRODUCT_BUNDLE_IDENTIFIER = com.Simon.XCodeVersionControl;
				PRODUCT_NAME = "$(TARGET_NAME)";
			};
			name = Release;
		};
		D0EC650A1D426FDC009686D9 /* Debug */ = {
			isa = XCBuildConfiguration;
			buildSettings = {
				BUNDLE_LOADER = "$(TEST_HOST)";
				INFOPLIST_FILE = XCodeVersionControlTests/Info.plist;
				LD_RUNPATH_SEARCH_PATHS = "$(inherited) @executable_path/Frameworks @loader_path/Frameworks";
				PRODUCT_BUNDLE_IDENTIFIER = com.Simon.XCodeVersionControlTests;
				PRODUCT_NAME = "$(TARGET_NAME)";
				TEST_HOST = "$(BUILT_PRODUCTS_DIR)/XCodeVersionControl.app/XCodeVersionControl";
			};
			name = Debug;
		};
		D0EC650B1D426FDC009686D9 /* Release */ = {
			isa = XCBuildConfiguration;
			buildSettings = {
				BUNDLE_LOADER = "$(TEST_HOST)";
				INFOPLIST_FILE = XCodeVersionControlTests/Info.plist;
				LD_RUNPATH_SEARCH_PATHS = "$(inherited) @executable_path/Frameworks @loader_path/Frameworks";
				PRODUCT_BUNDLE_IDENTIFIER = com.Simon.XCodeVersionControlTests;
				PRODUCT_NAME = "$(TARGET_NAME)";
				TEST_HOST = "$(BUILT_PRODUCTS_DIR)/XCodeVersionControl.app/XCodeVersionControl";
			};
			name = Release;
		};
		D0EC650D1D426FDC009686D9 /* Debug */ = {
			isa = XCBuildConfiguration;
			buildSettings = {
				INFOPLIST_FILE = XCodeVersionControlUITests/Info.plist;
				LD_RUNPATH_SEARCH_PATHS = "$(inherited) @executable_path/Frameworks @loader_path/Frameworks";
				PRODUCT_BUNDLE_IDENTIFIER = com.Simon.XCodeVersionControlUITests;
				PRODUCT_NAME = "$(TARGET_NAME)";
				TEST_TARGET_NAME = XCodeVersionControl;
			};
			name = Debug;
		};
		D0EC650E1D426FDC009686D9 /* Release */ = {
			isa = XCBuildConfiguration;
			buildSettings = {
				INFOPLIST_FILE = XCodeVersionControlUITests/Info.plist;
				LD_RUNPATH_SEARCH_PATHS = "$(inherited) @executable_path/Frameworks @loader_path/Frameworks";
				PRODUCT_BUNDLE_IDENTIFIER = com.Simon.XCodeVersionControlUITests;
				PRODUCT_NAME = "$(TARGET_NAME)";
				TEST_TARGET_NAME = XCodeVersionControl;
			};
			name = Release;
		};
/* End XCBuildConfiguration section */

/* Begin XCConfigurationList section */
		D0EC64D91D426FDC009686D9 /* Build configuration list for PBXProject "XCodeVersionControl" */ = {
			isa = XCConfigurationList;
			buildConfigurations = (
				D0EC65041D426FDC009686D9 /* Debug */,
				D0EC65051D426FDC009686D9 /* Release */,
			);
			defaultConfigurationIsVisible = 0;
			defaultConfigurationName = Release;
		};
		D0EC65061D426FDC009686D9 /* Build configuration list for PBXNativeTarget "XCodeVersionControl" */ = {
			isa = XCConfigurationList;
			buildConfigurations = (
				D0EC65071D426FDC009686D9 /* Debug */,
				D0EC65081D426FDC009686D9 /* Release */,
			);
			defaultConfigurationIsVisible = 0;
		};
		D0EC65091D426FDC009686D9 /* Build configuration list for PBXNativeTarget "XCodeVersionControlTests" */ = {
			isa = XCConfigurationList;
			buildConfigurations = (
				D0EC650A1D426FDC009686D9 /* Debug */,
				D0EC650B1D426FDC009686D9 /* Release */,
			);
			defaultConfigurationIsVisible = 0;
		};
		D0EC650C1D426FDC009686D9 /* Build configuration list for PBXNativeTarget "XCodeVersionControlUITests" */ = {
			isa = XCConfigurationList;
			buildConfigurations = (
				D0EC650D1D426FDC009686D9 /* Debug */,
				D0EC650E1D426FDC009686D9 /* Release */,
			);
			defaultConfigurationIsVisible = 0;
		};
/* End XCConfigurationList section */
	};
	rootObject = D0EC64D61D426FDC009686D9 /* Project object */;
}
